
Microsoft Visual Studio Solution File, Format Version 12.00
# Visual Studio 15
VisualStudioVersion = 15.0.28307.271
MinimumVisualStudioVersion = 10.0.40219.1
Project("{FAE04EC0-301F-11D3-BF4B-00C04F79EFBC}") = "FinalProject1", "FinalProject1\FinalProject1.csproj", "{5900AC59-D42A-4F7C-9774-147F2A1393BB}"
EndProject
Global
	GlobalSection(SolutionConfigurationPlatforms) = preSolution
		Debug|Any CPU = Debug|Any CPU
		Release|Any CPU = Release|Any CPU
	EndGlobalSection
	GlobalSection(ProjectConfigurationPlatforms) = postSolution
		{5900AC59-D42A-4F7C-9774-147F2A1393BB}.Debug|Any CPU.ActiveCfg = Debug|Any CPU
		{5900AC59-D42A-4F7C-9774-147F2A1393BB}.Debug|Any CPU.Build.0 = Debug|Any CPU
		{5900AC59-D42A-4F7C-9774-147F2A1393BB}.Release|Any CPU.ActiveCfg = Release|Any CPU
		{5900AC59-D42A-4F7C-9774-147F2A1393BB}.Release|Any CPU.Build.0 = Release|Any CPU
	EndGlobalSection
	GlobalSection(SolutionProperties) = preSolution
		HideSolutionNode = FALSE
	EndGlobalSection
	GlobalSection(ExtensibilityGlobals) = postSolution
		SolutionGuid = {2FA1C23C-00C1-45A2-9475-8C0E2998E8B5}
	EndGlobalSection
EndGlobal
